
Microsoft Visual Studio Solution File, Format Version 12.00
# Visual Studio 2012
Project("{8BC9CEB8-8B4A-11D0-8D11-00A0C91BC942}") = "GIGAengine", "GIGAengine\GIGAengine.vcxproj", "{357788E6-2E41-4857-88C7-D811312BC272}"
EndProject
Global
	GlobalSection(SolutionConfigurationPlatforms) = preSolution
		Debug|Win32 = Debug|Win32
		Release|Win32 = Release|Win32
	EndGlobalSection
	GlobalSection(ProjectConfigurationPlatforms) = postSolution
		{357788E6-2E41-4857-88C7-D811312BC272}.Debug|Win32.ActiveCfg = Debug|Win32
		{357788E6-2E41-4857-88C7-D811312BC272}.Debug|Win32.Build.0 = Debug|Win32
		{357788E6-2E41-4857-88C7-D811312BC272}.Release|Win32.ActiveCfg = Release|Win32
		{357788E6-2E41-4857-88C7-D811312BC272}.Release|Win32.Build.0 = Release|Win32
	EndGlobalSection
	GlobalSection(SolutionProperties) = preSolution
		HideSolutionNode = FALSE
	EndGlobalSection
EndGlobal
